
Microsoft Visual Studio Solution File, Format Version 12.00
# Visual Studio Version 17
VisualStudioVersion = 17.10.34916.146
MinimumVisualStudioVersion = 10.0.40219.1
Project("{FAE04EC0-301F-11D3-BF4B-00C04F79EFBC}") = "githubdeneme", "githubdeneme\githubdeneme.csproj", "{CEA2EFC5-5BC3-433B-9382-B3AFB5471615}"
EndProject
Global
	GlobalSection(SolutionConfigurationPlatforms) = preSolution
		Debug|Any CPU = Debug|Any CPU
		Release|Any CPU = Release|Any CPU
	EndGlobalSection
	GlobalSection(ProjectConfigurationPlatforms) = postSolution
		{CEA2EFC5-5BC3-433B-9382-B3AFB5471615}.Debug|Any CPU.ActiveCfg = Debug|Any CPU
		{CEA2EFC5-5BC3-433B-9382-B3AFB5471615}.Debug|Any CPU.Build.0 = Debug|Any CPU
		{CEA2EFC5-5BC3-433B-9382-B3AFB5471615}.Release|Any CPU.ActiveCfg = Release|Any CPU
		{CEA2EFC5-5BC3-433B-9382-B3AFB5471615}.Release|Any CPU.Build.0 = Release|Any CPU
	EndGlobalSection
	GlobalSection(SolutionProperties) = preSolution
		HideSolutionNode = FALSE
	EndGlobalSection
	GlobalSection(ExtensibilityGlobals) = postSolution
		SolutionGuid = {C50CF02E-F6DB-4CE6-978A-04E7851749F1}
	EndGlobalSection
EndGlobal
